// !$*UTF8*$!
{
	archiveVersion = 1;
	classes = {
	};
	objectVersion = 55;
	objects = {

/* Begin PBXBuildFile section */
		09A9BCE3284EEF6600313B80 /* Tests_iOS.swift in Sources */ = {isa = PBXBuildFile; fileRef = 09A9BCE2284EEF6600313B80 /* Tests_iOS.swift */; };
		09A9BCE5284EEF6600313B80 /* Tests_iOSLaunchTests.swift in Sources */ = {isa = PBXBuildFile; fileRef = 09A9BCE4284EEF6600313B80 /* Tests_iOSLaunchTests.swift */; };
		09A9BCEF284EEF6600313B80 /* Tests_macOS.swift in Sources */ = {isa = PBXBuildFile; fileRef = 09A9BCEE284EEF6600313B80 /* Tests_macOS.swift */; };
		09A9BCF1284EEF6600313B80 /* Tests_macOSLaunchTests.swift in Sources */ = {isa = PBXBuildFile; fileRef = 09A9BCF0284EEF6600313B80 /* Tests_macOSLaunchTests.swift */; };
		09A9BCF2284EEF6600313B80 /* myFirstAppApp.swift in Sources */ = {isa = PBXBuildFile; fileRef = 09A9BCCA284EEF6400313B80 /* myFirstAppApp.swift */; };
		09A9BCF3284EEF6600313B80 /* myFirstAppApp.swift in Sources */ = {isa = PBXBuildFile; fileRef = 09A9BCCA284EEF6400313B80 /* myFirstAppApp.swift */; };
		09A9BCF4284EEF6600313B80 /* ContentView.swift in Sources */ = {isa = PBXBuildFile; fileRef = 09A9BCCB284EEF6400313B80 /* ContentView.swift */; };
		09A9BCF5284EEF6600313B80 /* ContentView.swift in Sources */ = {isa = PBXBuildFile; fileRef = 09A9BCCB284EEF6400313B80 /* ContentView.swift */; };
		09A9BCF6284EEF6600313B80 /* Assets.xcassets in Resources */ = {isa = PBXBuildFile; fileRef = 09A9BCCC284EEF6600313B80 /* Assets.xcassets */; };
		09A9BCF7284EEF6600313B80 /* Assets.xcassets in Resources */ = {isa = PBXBuildFile; fileRef = 09A9BCCC284EEF6600313B80 /* Assets.xcassets */; };
/* End PBXBuildFile section */

/* Begin PBXContainerItemProxy section */
		09A9BCDF284EEF6600313B80 /* PBXContainerItemProxy */ = {
			isa = PBXContainerItemProxy;
			containerPortal = 09A9BCC5284EEF6400313B80 /* Project object */;
			proxyType = 1;
			remoteGlobalIDString = 09A9BCD0284EEF6600313B80;
			remoteInfo = "myFirstApp (iOS)";
		};
		09A9BCEB284EEF6600313B80 /* PBXContainerItemProxy */ = {
			isa = PBXContainerItemProxy;
			containerPortal = 09A9BCC5284EEF6400313B80 /* Project object */;
			proxyType = 1;
			remoteGlobalIDString = 09A9BCD6284EEF6600313B80;
			remoteInfo = "myFirstApp (macOS)";
		};
/* End PBXContainerItemProxy section */

/* Begin PBXFileReference section */
		09A9BCCA284EEF6400313B80 /* myFirstAppApp.swift */ = {isa = PBXFileReference; lastKnownFileType = sourcecode.swift; path = myFirstAppApp.swift; sourceTree = "<group>"; };
		09A9BCCB284EEF6400313B80 /* ContentView.swift */ = {isa = PBXFileReference; lastKnownFileType = sourcecode.swift; path = ContentView.swift; sourceTree = "<group>"; };
		09A9BCCC284EEF6600313B80 /* Assets.xcassets */ = {isa = PBXFileReference; lastKnownFileType = folder.assetcatalog; path = Assets.xcassets; sourceTree = "<group>"; };
		09A9BCD1284EEF6600313B80 /* myFirstApp.app */ = {isa = PBXFileReference; explicitFileType = wrapper.application; includeInIndex = 0; path = myFirstApp.app; sourceTree = BUILT_PRODUCTS_DIR; };
		09A9BCD7284EEF6600313B80 /* myFirstApp.app */ = {isa = PBXFileReference; explicitFileType = wrapper.application; includeInIndex = 0; path = myFirstApp.app; sourceTree = BUILT_PRODUCTS_DIR; };
		09A9BCD9284EEF6600313B80 /* macOS.entitlements */ = {isa = PBXFileReference; lastKnownFileType = text.plist.entitlements; path = macOS.entitlements; sourceTree = "<group>"; };
		09A9BCDE284EEF6600313B80 /* Tests iOS.xctest */ = {isa = PBXFileReference; explicitFileType = wrapper.cfbundle; includeInIndex = 0; path = "Tests iOS.xctest"; sourceTree = BUILT_PRODUCTS_DIR; };
		09A9BCE2284EEF6600313B80 /* Tests_iOS.swift */ = {isa = PBXFileReference; lastKnownFileType = sourcecode.swift; path = Tests_iOS.swift; sourceTree = "<group>"; };
		09A9BCE4284EEF6600313B80 /* Tests_iOSLaunchTests.swift */ = {isa = PBXFileReference; lastKnownFileType = sourcecode.swift; path = Tests_iOSLaunchTests.swift; sourceTree = "<group>"; };
		09A9BCEA284EEF6600313B80 /* Tests macOS.xctest */ = {isa = PBXFileReference; explicitFileType = wrapper.cfbundle; includeInIndex = 0; path = "Tests macOS.xctest"; sourceTree = BUILT_PRODUCTS_DIR; };
		09A9BCEE284EEF6600313B80 /* Tests_macOS.swift */ = {isa = PBXFileReference; lastKnownFileType = sourcecode.swift; path = Tests_macOS.swift; sourceTree = "<group>"; };
		09A9BCF0284EEF6600313B80 /* Tests_macOSLaunchTests.swift */ = {isa = PBXFileReference; lastKnownFileType = sourcecode.swift; path = Tests_macOSLaunchTests.swift; sourceTree = "<group>"; };
/* End PBXFileReference section */

/* Begin PBXFrameworksBuildPhase section */
		09A9BCCE284EEF6600313B80 /* Frameworks */ = {
			isa = PBXFrameworksBuildPhase;
			buildActionMask = 2147483647;
			files = (
			);
			runOnlyForDeploymentPostprocessing = 0;
		};
		09A9BCD4284EEF6600313B80 /* Frameworks */ = {
			isa = PBXFrameworksBuildPhase;
			buildActionMask = 2147483647;
			files = (
			);
			runOnlyForDeploymentPostprocessing = 0;
		};
		09A9BCDB284EEF6600313B80 /* Frameworks */ = {
			isa = PBXFrameworksBuildPhase;
			buildActionMask = 2147483647;
			files = (
			);
			runOnlyForDeploymentPostprocessing = 0;
		};
		09A9BCE7284EEF6600313B80 /* Frameworks */ = {
			isa = PBXFrameworksBuildPhase;
			buildActionMask = 2147483647;
			files = (
			);
			runOnlyForDeploymentPostprocessing = 0;
		};
/* End PBXFrameworksBuildPhase section */

/* Begin PBXGroup section */
		09A9BCC4284EEF6400313B80 = {
			isa = PBXGroup;
			children = (
				09A9BCC9284EEF6400313B80 /* Shared */,
				09A9BCD8284EEF6600313B80 /* macOS */,
				09A9BCE1284EEF6600313B80 /* Tests iOS */,
				09A9BCED284EEF6600313B80 /* Tests macOS */,
				09A9BCD2284EEF6600313B80 /* Products */,
			);
			sourceTree = "<group>";
		};
		09A9BCC9284EEF6400313B80 /* Shared */ = {
			isa = PBXGroup;
			children = (
				09A9BCCA284EEF6400313B80 /* myFirstAppApp.swift */,
				09A9BCCB284EEF6400313B80 /* ContentView.swift */,
				09A9BCCC284EEF6600313B80 /* Assets.xcassets */,
			);
			path = Shared;
			sourceTree = "<group>";
		};
		09A9BCD2284EEF6600313B80 /* Products */ = {
			isa = PBXGroup;
			children = (
				09A9BCD1284EEF6600313B80 /* myFirstApp.app */,
				09A9BCD7284EEF6600313B80 /* myFirstApp.app */,
				09A9BCDE284EEF6600313B80 /* Tests iOS.xctest */,
				09A9BCEA284EEF6600313B80 /* Tests macOS.xctest */,
			);
			name = Products;
			sourceTree = "<group>";
		};
		09A9BCD8284EEF6600313B80 /* macOS */ = {
			isa = PBXGroup;
			children = (
				09A9BCD9284EEF6600313B80 /* macOS.entitlements */,
			);
			path = macOS;
			sourceTree = "<group>";
		};
		09A9BCE1284EEF6600313B80 /* Tests iOS */ = {
			isa = PBXGroup;
			children = (
				09A9BCE2284EEF6600313B80 /* Tests_iOS.swift */,
				09A9BCE4284EEF6600313B80 /* Tests_iOSLaunchTests.swift */,
			);
			path = "Tests iOS";
			sourceTree = "<group>";
		};
		09A9BCED284EEF6600313B80 /* Tests macOS */ = {
			isa = PBXGroup;
			children = (
				09A9BCEE284EEF6600313B80 /* Tests_macOS.swift */,
				09A9BCF0284EEF6600313B80 /* Tests_macOSLaunchTests.swift */,
			);
			path = "Tests macOS";
			sourceTree = "<group>";
		};
/* End PBXGroup section */

/* Begin PBXNativeTarget section */
		09A9BCD0284EEF6600313B80 /* myFirstApp (iOS) */ = {
			isa = PBXNativeTarget;
			buildConfigurationList = 09A9BCFA284EEF6600313B80 /* Build configuration list for PBXNativeTarget "myFirstApp (iOS)" */;
			buildPhases = (
				09A9BCCD284EEF6600313B80 /* Sources */,
				09A9BCCE284EEF6600313B80 /* Frameworks */,
				09A9BCCF284EEF6600313B80 /* Resources */,
			);
			buildRules = (
			);
			dependencies = (
			);
			name = "myFirstApp (iOS)";
			productName = "myFirstApp (iOS)";
			productReference = 09A9BCD1284EEF6600313B80 /* myFirstApp.app */;
			productType = "com.apple.product-type.application";
		};
		09A9BCD6284EEF6600313B80 /* myFirstApp (macOS) */ = {
			isa = PBXNativeTarget;
			buildConfigurationList = 09A9BCFD284EEF6600313B80 /* Build configuration list for PBXNativeTarget "myFirstApp (macOS)" */;
			buildPhases = (
				09A9BCD3284EEF6600313B80 /* Sources */,
				09A9BCD4284EEF6600313B80 /* Frameworks */,
				09A9BCD5284EEF6600313B80 /* Resources */,
			);
			buildRules = (
			);
			dependencies = (
			);
			name = "myFirstApp (macOS)";
			productName = "myFirstApp (macOS)";
			productReference = 09A9BCD7284EEF6600313B80 /* myFirstApp.app */;
			productType = "com.apple.product-type.application";
		};
		09A9BCDD284EEF6600313B80 /* Tests iOS */ = {
			isa = PBXNativeTarget;
			buildConfigurationList = 09A9BD00284EEF6600313B80 /* Build configuration list for PBXNativeTarget "Tests iOS" */;
			buildPhases = (
				09A9BCDA284EEF6600313B80 /* Sources */,
				09A9BCDB284EEF6600313B80 /* Frameworks */,
				09A9BCDC284EEF6600313B80 /* Resources */,
			);
			buildRules = (
			);
			dependencies = (
				09A9BCE0284EEF6600313B80 /* PBXTargetDependency */,
			);
			name = "Tests iOS";
			productName = "Tests iOS";
			productReference = 09A9BCDE284EEF6600313B80 /* Tests iOS.xctest */;
			productType = "com.apple.product-type.bundle.ui-testing";
		};
		09A9BCE9284EEF6600313B80 /* Tests macOS */ = {
			isa = PBXNativeTarget;
			buildConfigurationList = 09A9BD03284EEF6600313B80 /* Build configuration list for PBXNativeTarget "Tests macOS" */;
			buildPhases = (
				09A9BCE6284EEF6600313B80 /* Sources */,
				09A9BCE7284EEF6600313B80 /* Frameworks */,
				09A9BCE8284EEF6600313B80 /* Resources */,
			);
			buildRules = (
			);
			dependencies = (
				09A9BCEC284EEF6600313B80 /* PBXTargetDependency */,
			);
			name = "Tests macOS";
			productName = "Tests macOS";
			productReference = 09A9BCEA284EEF6600313B80 /* Tests macOS.xctest */;
			productType = "com.apple.product-type.bundle.ui-testing";
		};
/* End PBXNativeTarget section */

/* Begin PBXProject section */
		09A9BCC5284EEF6400313B80 /* Project object */ = {
			isa = PBXProject;
			attributes = {
				BuildIndependentTargetsInParallel = 1;
				LastSwiftUpdateCheck = 1340;
				LastUpgradeCheck = 1340;
				TargetAttributes = {
					09A9BCD0284EEF6600313B80 = {
						CreatedOnToolsVersion = 13.4.1;
					};
					09A9BCD6284EEF6600313B80 = {
						CreatedOnToolsVersion = 13.4.1;
					};
					09A9BCDD284EEF6600313B80 = {
						CreatedOnToolsVersion = 13.4.1;
						TestTargetID = 09A9BCD0284EEF6600313B80;
					};
					09A9BCE9284EEF6600313B80 = {
						CreatedOnToolsVersion = 13.4.1;
						TestTargetID = 09A9BCD6284EEF6600313B80;
					};
				};
			};
			buildConfigurationList = 09A9BCC8284EEF6400313B80 /* Build configuration list for PBXProject "myFirstApp" */;
			compatibilityVersion = "Xcode 13.0";
			developmentRegion = en;
			hasScannedForEncodings = 0;
			knownRegions = (
				en,
				Base,
			);
			mainGroup = 09A9BCC4284EEF6400313B80;
			productRefGroup = 09A9BCD2284EEF6600313B80 /* Products */;
			projectDirPath = "";
			projectRoot = "";
			targets = (
				09A9BCD0284EEF6600313B80 /* myFirstApp (iOS) */,
				09A9BCD6284EEF6600313B80 /* myFirstApp (macOS) */,
				09A9BCDD284EEF6600313B80 /* Tests iOS */,
				09A9BCE9284EEF6600313B80 /* Tests macOS */,
			);
		};
/* End PBXProject section */

/* Begin PBXResourcesBuildPhase section */
		09A9BCCF284EEF6600313B80 /* Resources */ = {
			isa = PBXResourcesBuildPhase;
			buildActionMask = 2147483647;
			files = (
				09A9BCF6284EEF6600313B80 /* Assets.xcassets in Resources */,
			);
			runOnlyForDeploymentPostprocessing = 0;
		};
		09A9BCD5284EEF6600313B80 /* Resources */ = {
			isa = PBXResourcesBuildPhase;
			buildActionMask = 2147483647;
			files = (
				09A9BCF7284EEF6600313B80 /* Assets.xcassets in Resources */,
			);
			runOnlyForDeploymentPostprocessing = 0;
		};
		09A9BCDC284EEF6600313B80 /* Resources */ = {
			isa = PBXResourcesBuildPhase;
			buildActionMask = 2147483647;
			files = (
			);
			runOnlyForDeploymentPostprocessing = 0;
		};
		09A9BCE8284EEF6600313B80 /* Resources */ = {
			isa = PBXResourcesBuildPhase;
			buildActionMask = 2147483647;
			files = (
			);
			runOnlyForDeploymentPostprocessing = 0;
		};
/* End PBXResourcesBuildPhase section */

/* Begin PBXSourcesBuildPhase section */
		09A9BCCD284EEF6600313B80 /* Sources */ = {
			isa = PBXSourcesBuildPhase;
			buildActionMask = 2147483647;
			files = (
				09A9BCF4284EEF6600313B80 /* ContentView.swift in Sources */,
				09A9BCF2284EEF6600313B80 /* myFirstAppApp.swift in Sources */,
			);
			runOnlyForDeploymentPostprocessing = 0;
		};
		09A9BCD3284EEF6600313B80 /* Sources */ = {
			isa = PBXSourcesBuildPhase;
			buildActionMask = 2147483647;
			files = (
				09A9BCF5284EEF6600313B80 /* ContentView.swift in Sources */,
				09A9BCF3284EEF6600313B80 /* myFirstAppApp.swift in Sources */,
			);
			runOnlyForDeploymentPostprocessing = 0;
		};
		09A9BCDA284EEF6600313B80 /* Sources */ = {
			isa = PBXSourcesBuildPhase;
			buildActionMask = 2147483647;
			files = (
				09A9BCE5284EEF6600313B80 /* Tests_iOSLaunchTests.swift in Sources */,
				09A9BCE3284EEF6600313B80 /* Tests_iOS.swift in Sources */,
			);
			runOnlyForDeploymentPostprocessing = 0;
		};
		09A9BCE6284EEF6600313B80 /* Sources */ = {
			isa = PBXSourcesBuildPhase;
			buildActionMask = 2147483647;
			files = (
				09A9BCF1284EEF6600313B80 /* Tests_macOSLaunchTests.swift in Sources */,
				09A9BCEF284EEF6600313B80 /* Tests_macOS.swift in Sources */,
			);
			runOnlyForDeploymentPostprocessing = 0;
		};
/* End PBXSourcesBuildPhase section */

/* Begin PBXTargetDependency section */
		09A9BCE0284EEF6600313B80 /* PBXTargetDependency */ = {
			isa = PBXTargetDependency;
			target = 09A9BCD0284EEF6600313B80 /* myFirstApp (iOS) */;
			targetProxy = 09A9BCDF284EEF6600313B80 /* PBXContainerItemProxy */;
		};
		09A9BCEC284EEF6600313B80 /* PBXTargetDependency */ = {
			isa = PBXTargetDependency;
			target = 09A9BCD6284EEF6600313B80 /* myFirstApp (macOS) */;
			targetProxy = 09A9BCEB284EEF6600313B80 /* PBXContainerItemProxy */;
		};
/* End PBXTargetDependency section */

/* Begin XCBuildConfiguration section */
		09A9BCF8284EEF6600313B80 /* Debug */ = {
			isa = XCBuildConfiguration;
			buildSettings = {
				ALWAYS_SEARCH_USER_PATHS = NO;
				CLANG_ANALYZER_NONNULL = YES;
				CLANG_ANALYZER_NUMBER_OBJECT_CONVERSION = YES_AGGRESSIVE;
				CLANG_CXX_LANGUAGE_STANDARD = "gnu++17";
				CLANG_ENABLE_MODULES = YES;
				CLANG_ENABLE_OBJC_ARC = YES;
				CLANG_ENABLE_OBJC_WEAK = YES;
				CLANG_WARN_BLOCK_CAPTURE_AUTORELEASING = YES;
				CLANG_WARN_BOOL_CONVERSION = YES;
				CLANG_WARN_COMMA = YES;
				CLANG_WARN_CONSTANT_CONVERSION = YES;
				CLANG_WARN_DEPRECATED_OBJC_IMPLEMENTATIONS = YES;
				CLANG_WARN_DIRECT_OBJC_ISA_USAGE = YES_ERROR;
				CLANG_WARN_DOCUMENTATION_COMMENTS = YES;
				CLANG_WARN_EMPTY_BODY = YES;
				CLANG_WARN_ENUM_CONVERSION = YES;
				CLANG_WARN_INFINITE_RECURSION = YES;
				CLANG_WARN_INT_CONVERSION = YES;
				CLANG_WARN_NON_LITERAL_NULL_CONVERSION = YES;
				CLANG_WARN_OBJC_IMPLICIT_RETAIN_SELF = YES;
				CLANG_WARN_OBJC_LITERAL_CONVERSION = YES;
				CLANG_WARN_OBJC_ROOT_CLASS = YES_ERROR;
				CLANG_WARN_QUOTED_INCLUDE_IN_FRAMEWORK_HEADER = YES;
				CLANG_WARN_RANGE_LOOP_ANALYSIS = YES;
				CLANG_WARN_STRICT_PROTOTYPES = YES;
				CLANG_WARN_SUSPICIOUS_MOVE = YES;
				CLANG_WARN_UNGUARDED_AVAILABILITY = YES_AGGRESSIVE;
				CLANG_WARN_UNREACHABLE_CODE = YES;
				CLANG_WARN__DUPLICATE_METHOD_MATCH = YES;
				COPY_PHASE_STRIP = NO;
				DEBUG_INFORMATION_FORMAT = dwarf;
				ENABLE_STRICT_OBJC_MSGSEND = YES;
				ENABLE_TESTABILITY = YES;
				GCC_C_LANGUAGE_STANDARD = gnu11;
				GCC_DYNAMIC_NO_PIC = NO;
				GCC_NO_COMMON_BLOCKS = YES;
				GCC_OPTIMIZATION_LEVEL = 0;
				GCC_PREPROCESSOR_DEFINITIONS = (
					"DEBUG=1",
					"$(inherited)",
				);
				GCC_WARN_64_TO_32_BIT_CONVERSION = YES;
				GCC_WARN_ABOUT_RETURN_TYPE = YES_ERROR;
				GCC_WARN_UNDECLARED_SELECTOR = YES;
				GCC_WARN_UNINITIALIZED_AUTOS = YES_AGGRESSIVE;
				GCC_WARN_UNUSED_FUNCTION = YES;
				GCC_WARN_UNUSED_VARIABLE = YES;
				MTL_ENABLE_DEBUG_INFO = INCLUDE_SOURCE;
				MTL_FAST_MATH = YES;
				ONLY_ACTIVE_ARCH = YES;
				SWIFT_ACTIVE_COMPILATION_CONDITIONS = DEBUG;
				SWIFT_OPTIMIZATION_LEVEL = "-Onone";
			};
			name = Debug;
		};
		09A9BCF9284EEF6600313B80 /* Release */ = {
			isa = XCBuildConfiguration;
			buildSettings = {
				ALWAYS_SEARCH_USER_PATHS = NO;
				CLANG_ANALYZER_NONNULL = YES;
				CLANG_ANALYZER_NUMBER_OBJECT_CONVERSION = YES_AGGRESSIVE;
				CLANG_CXX_LANGUAGE_STANDARD = "gnu++17";
				CLANG_ENABLE_MODULES = YES;
				CLANG_ENABLE_OBJC_ARC = YES;
				CLANG_ENABLE_OBJC_WEAK = YES;
				CLANG_WARN_BLOCK_CAPTURE_AUTORELEASING = YES;
				CLANG_WARN_BOOL_CONVERSION = YES;
				CLANG_WARN_COMMA = YES;
				CLANG_WARN_CONSTANT_CONVERSION = YES;
				CLANG_WARN_DEPRECATED_OBJC_IMPLEMENTATIONS = YES;
				CLANG_WARN_DIRECT_OBJC_ISA_USAGE = YES_ERROR;
				CLANG_WARN_DOCUMENTATION_COMMENTS = YES;
				CLANG_WARN_EMPTY_BODY = YES;
				CLANG_WARN_ENUM_CONVERSION = YES;
				CLANG_WARN_INFINITE_RECURSION = YES;
				CLANG_WARN_INT_CONVERSION = YES;
				CLANG_WARN_NON_LITERAL_NULL_CONVERSION = YES;
				CLANG_WARN_OBJC_IMPLICIT_RETAIN_SELF = YES;
				CLANG_WARN_OBJC_LITERAL_CONVERSION = YES;
				CLANG_WARN_OBJC_ROOT_CLASS = YES_ERROR;
				CLANG_WARN_QUOTED_INCLUDE_IN_FRAMEWORK_HEADER = YES;
				CLANG_WARN_RANGE_LOOP_ANALYSIS = YES;
				CLANG_WARN_STRICT_PROTOTYPES = YES;
				CLANG_WARN_SUSPICIOUS_MOVE = YES;
				CLANG_WARN_UNGUARDED_AVAILABILITY = YES_AGGRESSIVE;
				CLANG_WARN_UNREACHABLE_CODE = YES;
				CLANG_WARN__DUPLICATE_METHOD_MATCH = YES;
				COPY_PHASE_STRIP = NO;
				DEBUG_INFORMATION_FORMAT = "dwarf-with-dsym";
				ENABLE_NS_ASSERTIONS = NO;
				ENABLE_STRICT_OBJC_MSGSEND = YES;
				GCC_C_LANGUAGE_STANDARD = gnu11;
				GCC_NO_COMMON_BLOCKS = YES;
				GCC_WARN_64_TO_32_BIT_CONVERSION = YES;
				GCC_WARN_ABOUT_RETURN_TYPE = YES_ERROR;
				GCC_WARN_UNDECLARED_SELECTOR = YES;
				GCC_WARN_UNINITIALIZED_AUTOS = YES_AGGRESSIVE;
				GCC_WARN_UNUSED_FUNCTION = YES;
				GCC_WARN_UNUSED_VARIABLE = YES;
				MTL_ENABLE_DEBUG_INFO = NO;
				MTL_FAST_MATH = YES;
				SWIFT_COMPILATION_MODE = wholemodule;
				SWIFT_OPTIMIZATION_LEVEL = "-O";
			};
			name = Release;
		};
		09A9BCFB284EEF6600313B80 /* Debug */ = {
			isa = XCBuildConfiguration;
			buildSettings = {
				ASSETCATALOG_COMPILER_APPICON_NAME = AppIcon;
				ASSETCATALOG_COMPILER_GLOBAL_ACCENT_COLOR_NAME = AccentColor;
				CODE_SIGN_STYLE = Automatic;
				CURRENT_PROJECT_VERSION = 1;
				DEVELOPMENT_TEAM = 2V5877Z9M3;
				ENABLE_PREVIEWS = YES;
				GENERATE_INFOPLIST_FILE = YES;
				INFOPLIST_KEY_UIApplicationSceneManifest_Generation = YES;
				INFOPLIST_KEY_UIApplicationSupportsIndirectInputEvents = YES;
				INFOPLIST_KEY_UILaunchScreen_Generation = YES;
				INFOPLIST_KEY_UISupportedInterfaceOrientations_iPad = "UIInterfaceOrientationPortrait UIInterfaceOrientationPortraitUpsideDown UIInterfaceOrientationLandscapeLeft UIInterfaceOrientationLandscapeRight";
				INFOPLIST_KEY_UISupportedInterfaceOrientations_iPhone = "UIInterfaceOrientationPortrait UIInterfaceOrientationLandscapeLeft UIInterfaceOrientationLandscapeRight";
				IPHONEOS_DEPLOYMENT_TARGET = 15.5;
				LD_RUNPATH_SEARCH_PATHS = (
					"$(inherited)",
					"@executable_path/Frameworks",
				);
				MARKETING_VERSION = 1.0;
				PRODUCT_BUNDLE_IDENTIFIER = com.theanimaltraders.myFirstApp;
				PRODUCT_NAME = myFirstApp;
				SDKROOT = iphoneos;
				SWIFT_EMIT_LOC_STRINGS = YES;
				SWIFT_VERSION = 5.0;
				TARGETED_DEVICE_FAMILY = "1,2";
			};
			name = Debug;
		};
		09A9BCFC284EEF6600313B80 /* Release */ = {
			isa = XCBuildConfiguration;
			buildSettings = {
				ASSETCATALOG_COMPILER_APPICON_NAME = AppIcon;
				ASSETCATALOG_COMPILER_GLOBAL_ACCENT_COLOR_NAME = AccentColor;
				CODE_SIGN_STYLE = Automatic;
				CURRENT_PROJECT_VERSION = 1;
				DEVELOPMENT_TEAM = 2V5877Z9M3;
				ENABLE_PREVIEWS = YES;
				GENERATE_INFOPLIST_FILE = YES;
				INFOPLIST_KEY_UIApplicationSceneManifest_Generation = YES;
				INFOPLIST_KEY_UIApplicationSupportsIndirectInputEvents = YES;
				INFOPLIST_KEY_UILaunchScreen_Generation = YES;
				INFOPLIST_KEY_UISupportedInterfaceOrientations_iPad = "UIInterfaceOrientationPortrait UIInterfaceOrientationPortraitUpsideDown UIInterfaceOrientationLandscapeLeft UIInterfaceOrientationLandscapeRight";
				INFOPLIST_KEY_UISupportedInterfaceOrientations_iPhone = "UIInterfaceOrientationPortrait UIInterfaceOrientationLandscapeLeft UIInterfaceOrientationLandscapeRight";
				IPHONEOS_DEPLOYMENT_TARGET = 15.5;
				LD_RUNPATH_SEARCH_PATHS = (
					"$(inherited)",
					"@executable_path/Frameworks",
				);
				MARKETING_VERSION = 1.0;
				PRODUCT_BUNDLE_IDENTIFIER = com.theanimaltraders.myFirstApp;
				PRODUCT_NAME = myFirstApp;
				SDKROOT = iphoneos;
				SWIFT_EMIT_LOC_STRINGS = YES;
				SWIFT_VERSION = 5.0;
				TARGETED_DEVICE_FAMILY = "1,2";
				VALIDATE_PRODUCT = YES;
			};
			name = Release;
		};
		09A9BCFE284EEF6600313B80 /* Debug */ = {
			isa = XCBuildConfiguration;
			buildSettings = {
				ASSETCATALOG_COMPILER_APPICON_NAME = AppIcon;
				ASSETCATALOG_COMPILER_GLOBAL_ACCENT_COLOR_NAME = AccentColor;
				CODE_SIGN_ENTITLEMENTS = macOS/macOS.entitlements;
				CODE_SIGN_STYLE = Automatic;
				COMBINE_HIDPI_IMAGES = YES;
				CURRENT_PROJECT_VERSION = 1;
				DEVELOPMENT_TEAM = 2V5877Z9M3;
				ENABLE_HARDENED_RUNTIME = YES;
				ENABLE_PREVIEWS = YES;
				GENERATE_INFOPLIST_FILE = YES;
				INFOPLIST_KEY_NSHumanReadableCopyright = "";
				LD_RUNPATH_SEARCH_PATHS = (
					"$(inherited)",
					"@executable_path/../Frameworks",
				);
				MACOSX_DEPLOYMENT_TARGET = 12.3;
				MARKETING_VERSION = 1.0;
				PRODUCT_BUNDLE_IDENTIFIER = com.theanimaltraders.myFirstApp;
				PRODUCT_NAME = myFirstApp;
				SDKROOT = macosx;
				SWIFT_EMIT_LOC_STRINGS = YES;
				SWIFT_VERSION = 5.0;
			};
			name = Debug;
		};
		09A9BCFF284EEF6600313B80 /* Release */ = {
			isa = XCBuildConfiguration;
			buildSettings = {
				ASSETCATALOG_COMPILER_APPICON_NAME = AppIcon;
				ASSETCATALOG_COMPILER_GLOBAL_ACCENT_COLOR_NAME = AccentColor;
				CODE_SIGN_ENTITLEMENTS = macOS/macOS.entitlements;
				CODE_SIGN_STYLE = Automatic;
				COMBINE_HIDPI_IMAGES = YES;
				CURRENT_PROJECT_VERSION = 1;
				DEVELOPMENT_TEAM = 2V5877Z9M3;
				ENABLE_HARDENED_RUNTIME = YES;
				ENABLE_PREVIEWS = YES;
				GENERATE_INFOPLIST_FILE = YES;
				INFOPLIST_KEY_NSHumanReadableCopyright = "";
				LD_RUNPATH_SEARCH_PATHS = (
					"$(inherited)",
					"@executable_path/../Frameworks",
				);
				MACOSX_DEPLOYMENT_TARGET = 12.3;
				MARKETING_VERSION = 1.0;
				PRODUCT_BUNDLE_IDENTIFIER = com.theanimaltraders.myFirstApp;
				PRODUCT_NAME = myFirstApp;
				SDKROOT = macosx;
				SWIFT_EMIT_LOC_STRINGS = YES;
				SWIFT_VERSION = 5.0;
			};
			name = Release;
		};
		09A9BD01284EEF6600313B80 /* Debug */ = {
			isa = XCBuildConfiguration;
			buildSettings = {
				ALWAYS_EMBED_SWIFT_STANDARD_LIBRARIES = YES;
				CODE_SIGN_STYLE = Automatic;
				CURRENT_PROJECT_VERSION = 1;
				DEVELOPMENT_TEAM = 2V5877Z9M3;
				GENERATE_INFOPLIST_FILE = YES;
				IPHONEOS_DEPLOYMENT_TARGET = 15.5;
				MARKETING_VERSION = 1.0;
				PRODUCT_BUNDLE_IDENTIFIER = "com.theanimaltraders.Tests-iOS";
				PRODUCT_NAME = "$(TARGET_NAME)";
				SDKROOT = iphoneos;
				SWIFT_EMIT_LOC_STRINGS = NO;
				SWIFT_VERSION = 5.0;
				TARGETED_DEVICE_FAMILY = "1,2";
				TEST_TARGET_NAME = "myFirstApp (iOS)";
			};
			name = Debug;
		};
		09A9BD02284EEF6600313B80 /* Release */ = {
			isa = XCBuildConfiguration;
			buildSettings = {
				ALWAYS_EMBED_SWIFT_STANDARD_LIBRARIES = YES;
				CODE_SIGN_STYLE = Automatic;
				CURRENT_PROJECT_VERSION = 1;
				DEVELOPMENT_TEAM = 2V5877Z9M3;
				GENERATE_INFOPLIST_FILE = YES;
				IPHONEOS_DEPLOYMENT_TARGET = 15.5;
				MARKETING_VERSION = 1.0;
				PRODUCT_BUNDLE_IDENTIFIER = "com.theanimaltraders.Tests-iOS";
				PRODUCT_NAME = "$(TARGET_NAME)";
				SDKROOT = iphoneos;
				SWIFT_EMIT_LOC_STRINGS = NO;
				SWIFT_VERSION = 5.0;
				TARGETED_DEVICE_FAMILY = "1,2";
				TEST_TARGET_NAME = "myFirstApp (iOS)";
				VALIDATE_PRODUCT = YES;
			};
			name = Release;
		};
		09A9BD04284EEF6600313B80 /* Debug */ = {
			isa = XCBuildConfiguration;
			buildSettings = {
				ALWAYS_EMBED_SWIFT_STANDARD_LIBRARIES = YES;
				CODE_SIGN_STYLE = Automatic;
				CURRENT_PROJECT_VERSION = 1;
				DEVELOPMENT_TEAM = 2V5877Z9M3;
				GENERATE_INFOPLIST_FILE = YES;
				MACOSX_DEPLOYMENT_TARGET = 12.3;
				MARKETING_VERSION = 1.0;
				PRODUCT_BUNDLE_IDENTIFIER = "com.theanimaltraders.Tests-macOS";
				PRODUCT_NAME = "$(TARGET_NAME)";
				SDKROOT = macosx;
				SWIFT_EMIT_LOC_STRINGS = NO;
				SWIFT_VERSION = 5.0;
				TEST_TARGET_NAME = "myFirstApp (macOS)";
			};
			name = Debug;
		};
		09A9BD05284EEF6600313B80 /* Release */ = {
			isa = XCBuildConfiguration;
			buildSettings = {
				ALWAYS_EMBED_SWIFT_STANDARD_LIBRARIES = YES;
				CODE_SIGN_STYLE = Automatic;
				CURRENT_PROJECT_VERSION = 1;
				DEVELOPMENT_TEAM = 2V5877Z9M3;
				GENERATE_INFOPLIST_FILE = YES;
				MACOSX_DEPLOYMENT_TARGET = 12.3;
				MARKETING_VERSION = 1.0;
				PRODUCT_BUNDLE_IDENTIFIER = "com.theanimaltraders.Tests-macOS";
				PRODUCT_NAME = "$(TARGET_NAME)";
				SDKROOT = macosx;
				SWIFT_EMIT_LOC_STRINGS = NO;
				SWIFT_VERSION = 5.0;
				TEST_TARGET_NAME = "myFirstApp (macOS)";
			};
			name = Release;
		};
/* End XCBuildConfiguration section */

/* Begin XCConfigurationList section */
		09A9BCC8284EEF6400313B80 /* Build configuration list for PBXProject "myFirstApp" */ = {
			isa = XCConfigurationList;
			buildConfigurations = (
				09A9BCF8284EEF6600313B80 /* Debug */,
				09A9BCF9284EEF6600313B80 /* Release */,
			);
			defaultConfigurationIsVisible = 0;
			defaultConfigurationName = Release;
		};
		09A9BCFA284EEF6600313B80 /* Build configuration list for PBXNativeTarget "myFirstApp (iOS)" */ = {
			isa = XCConfigurationList;
			buildConfigurations = (
				09A9BCFB284EEF6600313B80 /* Debug */,
				09A9BCFC284EEF6600313B80 /* Release */,
			);
			defaultConfigurationIsVisible = 0;
			defaultConfigurationName = Release;
		};
		09A9BCFD284EEF6600313B80 /* Build configuration list for PBXNativeTarget "myFirstApp (macOS)" */ = {
			isa = XCConfigurationList;
			buildConfigurations = (
				09A9BCFE284EEF6600313B80 /* Debug */,
				09A9BCFF284EEF6600313B80 /* Release */,
			);
			defaultConfigurationIsVisible = 0;
			defaultConfigurationName = Release;
		};
		09A9BD00284EEF6600313B80 /* Build configuration list for PBXNativeTarget "Tests iOS" */ = {
			isa = XCConfigurationList;
			buildConfigurations = (
				09A9BD01284EEF6600313B80 /* Debug */,
				09A9BD02284EEF6600313B80 /* Release */,
			);
			defaultConfigurationIsVisible = 0;
			defaultConfigurationName = Release;
		};
		09A9BD03284EEF6600313B80 /* Build configuration list for PBXNativeTarget "Tests macOS" */ = {
			isa = XCConfigurationList;
			buildConfigurations = (
				09A9BD04284EEF6600313B80 /* Debug */,
				09A9BD05284EEF6600313B80 /* Release */,
			);
			defaultConfigurationIsVisible = 0;
			defaultConfigurationName = Release;
		};
/* End XCConfigurationList section */
	};
	rootObject = 09A9BCC5284EEF6400313B80 /* Project object */;
}
